
Microsoft Visual Studio Solution File, Format Version 12.00
# Visual Studio Version 17
VisualStudioVersion = 17.8.34511.84
MinimumVisualStudioVersion = 10.0.40219.1
Project("{2150E333-8FDC-42A3-9474-1A3956D46DE8}") = "Services", "Services", "{F2A5C8C4-2B00-4197-A675-DEE6D6F2E117}"
EndProject
Project("{2150E333-8FDC-42A3-9474-1A3956D46DE8}") = "Catalog", "Catalog", "{CC450F01-6ECC-4D11-A39F-A8A39A595E6A}"
EndProject
Project("{9A19103F-16F7-4668-BE54-9A1E7A4F7556}") = "ECommerce.Catalog", "ECommerce.Catalog\ECommerce.Catalog.csproj", "{FCFE4676-9B32-493A-AAE2-D9295CE1BC9E}"
EndProject
Project("{2150E333-8FDC-42A3-9474-1A3956D46DE8}") = "Discount", "Discount", "{EF0824D0-54F5-4C30-9AED-C587786E44B2}"
EndProject
Project("{9A19103F-16F7-4668-BE54-9A1E7A4F7556}") = "ECommerce.Discount", "Services\ECommerce.Discount\ECommerce.Discount.csproj", "{3352E2CC-4F94-47B8-8239-615E3F38E3C2}"
EndProject
Project("{2150E333-8FDC-42A3-9474-1A3956D46DE8}") = "Order", "Order", "{61AFB16E-E74A-4C35-8D67-257201ECBD4E}"
EndProject
Project("{2150E333-8FDC-42A3-9474-1A3956D46DE8}") = "Core", "Core", "{B162D43A-2609-41DA-AD45-23BF98E4D802}"
EndProject
Project("{2150E333-8FDC-42A3-9474-1A3956D46DE8}") = "Infrastructure", "Infrastructure", "{3D48B0AB-D872-4845-9F29-3AAECB6714C9}"
EndProject
Project("{2150E333-8FDC-42A3-9474-1A3956D46DE8}") = "Presentation", "Presentation", "{2B85CFB9-4C15-4457-B4AA-613692B1E646}"
EndProject
Project("{9A19103F-16F7-4668-BE54-9A1E7A4F7556}") = "ECommerce.Order.Domain", "Services\Order\Core\ECommerce.Order.Domain\ECommerce.Order.Domain.csproj", "{37366E48-A70C-4AA1-A040-EA60831C51F5}"
EndProject
Project("{9A19103F-16F7-4668-BE54-9A1E7A4F7556}") = "ECommerce.Order.Application", "Services\Order\Core\ECommerce.Order.Application\ECommerce.Order.Application.csproj", "{CAE56D15-4C0B-4828-AF10-6F121BE077D2}"
EndProject
Project("{9A19103F-16F7-4668-BE54-9A1E7A4F7556}") = "ECommerce.Order.Persistence", "Services\Order\Infrastructure\ECommerce.Order.Persistence\ECommerce.Order.Persistence.csproj", "{EAE6A871-9148-4399-AD7E-1D6AD60A58DF}"
EndProject
Project("{9A19103F-16F7-4668-BE54-9A1E7A4F7556}") = "ECommerce.Order.WebApi", "Services\Order\Presentation\ECommerce.Order.WebApi\ECommerce.Order.WebApi.csproj", "{27C23D5A-232E-4DB0-8BC2-C6ABF9FE85A3}"
EndProject
Project("{2150E333-8FDC-42A3-9474-1A3956D46DE8}") = "IdentityServer", "IdentityServer", "{078E5B5D-4295-4326-9FCE-9B4A0EA30D52}"
EndProject
Project("{9A19103F-16F7-4668-BE54-9A1E7A4F7556}") = "ECommerce.IdentityServer", "İdentityServer\ECommerce.IdentityServer\ECommerce.IdentityServer.csproj", "{8FD5EF62-CFC5-4DAF-A639-672E7C822D12}"
EndProject
Project("{2150E333-8FDC-42A3-9474-1A3956D46DE8}") = "Requirements", "Requirements", "{D88E1691-EBD7-45DD-A36A-B0C4875867CA}"
	ProjectSection(SolutionItems) = preProject
		IdentityServerVersions.txt = IdentityServerVersions.txt
		PortNumber.txt = PortNumber.txt
	EndProjectSection
EndProject
Project("{2150E333-8FDC-42A3-9474-1A3956D46DE8}") = "Cargo", "Cargo", "{40C96EAB-14BC-4D8C-AB33-CCAE47117B33}"
EndProject
Project("{9A19103F-16F7-4668-BE54-9A1E7A4F7556}") = "ECommerce.Cargo.EntityLayer", "Services\Cargo\EntityLayer\ECommerce.Cargo.EntityLayer.csproj", "{DB919F1D-9363-4433-BC7F-2E675B3E01ED}"
EndProject
Project("{9A19103F-16F7-4668-BE54-9A1E7A4F7556}") = "ECommerce.Cargo.DataAccessLayer", "Services\Cargo\DataAccessLayer\ECommerce.Cargo.DataAccessLayer.csproj", "{8A6A90D0-4608-4F4E-9229-D4687622C70A}"
EndProject
Project("{9A19103F-16F7-4668-BE54-9A1E7A4F7556}") = "ECommerce.Cargo.BusinessLayer", "Services\Cargo\BusinessLayer\ECommerce.Cargo.BusinessLayer.csproj", "{DF3E1A1F-C1C2-431D-9792-8B7EE0EBE6CB}"
EndProject
Project("{9A19103F-16F7-4668-BE54-9A1E7A4F7556}") = "ECommerce.Cargo.WebApi", "Services\Cargo\ECommerce.Cargo.WebApi\ECommerce.Cargo.WebApi.csproj", "{3226F908-B92E-453A-B612-FAF5496E996A}"
EndProject
Project("{9A19103F-16F7-4668-BE54-9A1E7A4F7556}") = "ECommerce.Cargo.DtoLayer", "Services\Cargo\ECommerce.Cargo.DtoLayer\ECommerce.Cargo.DtoLayer.csproj", "{51FCC6BC-7473-4447-BC22-13CAB703DEAA}"
EndProject
Project("{2150E333-8FDC-42A3-9474-1A3956D46DE8}") = "Basket", "Basket", "{7E038DD0-3B25-4227-8132-06594B8796D2}"
EndProject
Project("{9A19103F-16F7-4668-BE54-9A1E7A4F7556}") = "ECommerce.Basket", "Services\Basket\ECommerce.Basket\ECommerce.Basket.csproj", "{A5CF17CB-70BB-48A4-A3CC-F0279E83F166}"
EndProject
Project("{2150E333-8FDC-42A3-9474-1A3956D46DE8}") = "Frontends", "Frontends", "{52E663A1-8E10-411F-81D0-DBA500C84439}"
EndProject
Project("{9A19103F-16F7-4668-BE54-9A1E7A4F7556}") = "ECommerce.WebUI", "Frontends\ECommerce.WepUI\ECommerce.WebUI.csproj", "{4284B4D2-C5D0-4BAA-8BAC-AFB15F3687CE}"
EndProject
Project("{FAE04EC0-301F-11D3-BF4B-00C04F79EFBC}") = "ECommerce.Dto", "Frontends\ECommerce.Dto\ECommerce.Dto.csproj", "{1D43EBFA-CDAC-461B-BF1C-3F991BE4F856}"
EndProject
Global
	GlobalSection(SolutionConfigurationPlatforms) = preSolution
		Debug|Any CPU = Debug|Any CPU
		Release|Any CPU = Release|Any CPU
	EndGlobalSection
	GlobalSection(ProjectConfigurationPlatforms) = postSolution
		{FCFE4676-9B32-493A-AAE2-D9295CE1BC9E}.Debug|Any CPU.ActiveCfg = Debug|Any CPU
		{FCFE4676-9B32-493A-AAE2-D9295CE1BC9E}.Debug|Any CPU.Build.0 = Debug|Any CPU
		{FCFE4676-9B32-493A-AAE2-D9295CE1BC9E}.Release|Any CPU.ActiveCfg = Release|Any CPU
		{FCFE4676-9B32-493A-AAE2-D9295CE1BC9E}.Release|Any CPU.Build.0 = Release|Any CPU
		{3352E2CC-4F94-47B8-8239-615E3F38E3C2}.Debug|Any CPU.ActiveCfg = Debug|Any CPU
		{3352E2CC-4F94-47B8-8239-615E3F38E3C2}.Debug|Any CPU.Build.0 = Debug|Any CPU
		{3352E2CC-4F94-47B8-8239-615E3F38E3C2}.Release|Any CPU.ActiveCfg = Release|Any CPU
		{3352E2CC-4F94-47B8-8239-615E3F38E3C2}.Release|Any CPU.Build.0 = Release|Any CPU
		{37366E48-A70C-4AA1-A040-EA60831C51F5}.Debug|Any CPU.ActiveCfg = Debug|Any CPU
		{37366E48-A70C-4AA1-A040-EA60831C51F5}.Debug|Any CPU.Build.0 = Debug|Any CPU
		{37366E48-A70C-4AA1-A040-EA60831C51F5}.Release|Any CPU.ActiveCfg = Release|Any CPU
		{37366E48-A70C-4AA1-A040-EA60831C51F5}.Release|Any CPU.Build.0 = Release|Any CPU
		{CAE56D15-4C0B-4828-AF10-6F121BE077D2}.Debug|Any CPU.ActiveCfg = Debug|Any CPU
		{CAE56D15-4C0B-4828-AF10-6F121BE077D2}.Debug|Any CPU.Build.0 = Debug|Any CPU
		{CAE56D15-4C0B-4828-AF10-6F121BE077D2}.Release|Any CPU.ActiveCfg = Release|Any CPU
		{CAE56D15-4C0B-4828-AF10-6F121BE077D2}.Release|Any CPU.Build.0 = Release|Any CPU
		{EAE6A871-9148-4399-AD7E-1D6AD60A58DF}.Debug|Any CPU.ActiveCfg = Debug|Any CPU
		{EAE6A871-9148-4399-AD7E-1D6AD60A58DF}.Debug|Any CPU.Build.0 = Debug|Any CPU
		{EAE6A871-9148-4399-AD7E-1D6AD60A58DF}.Release|Any CPU.ActiveCfg = Release|Any CPU
		{EAE6A871-9148-4399-AD7E-1D6AD60A58DF}.Release|Any CPU.Build.0 = Release|Any CPU
		{27C23D5A-232E-4DB0-8BC2-C6ABF9FE85A3}.Debug|Any CPU.ActiveCfg = Debug|Any CPU
		{27C23D5A-232E-4DB0-8BC2-C6ABF9FE85A3}.Debug|Any CPU.Build.0 = Debug|Any CPU
		{27C23D5A-232E-4DB0-8BC2-C6ABF9FE85A3}.Release|Any CPU.ActiveCfg = Release|Any CPU
		{27C23D5A-232E-4DB0-8BC2-C6ABF9FE85A3}.Release|Any CPU.Build.0 = Release|Any CPU
		{8FD5EF62-CFC5-4DAF-A639-672E7C822D12}.Debug|Any CPU.ActiveCfg = Debug|Any CPU
		{8FD5EF62-CFC5-4DAF-A639-672E7C822D12}.Debug|Any CPU.Build.0 = Debug|Any CPU
		{8FD5EF62-CFC5-4DAF-A639-672E7C822D12}.Release|Any CPU.ActiveCfg = Release|Any CPU
		{8FD5EF62-CFC5-4DAF-A639-672E7C822D12}.Release|Any CPU.Build.0 = Release|Any CPU
		{DB919F1D-9363-4433-BC7F-2E675B3E01ED}.Debug|Any CPU.ActiveCfg = Debug|Any CPU
		{DB919F1D-9363-4433-BC7F-2E675B3E01ED}.Debug|Any CPU.Build.0 = Debug|Any CPU
		{DB919F1D-9363-4433-BC7F-2E675B3E01ED}.Release|Any CPU.ActiveCfg = Release|Any CPU
		{DB919F1D-9363-4433-BC7F-2E675B3E01ED}.Release|Any CPU.Build.0 = Release|Any CPU
		{8A6A90D0-4608-4F4E-9229-D4687622C70A}.Debug|Any CPU.ActiveCfg = Debug|Any CPU
		{8A6A90D0-4608-4F4E-9229-D4687622C70A}.Debug|Any CPU.Build.0 = Debug|Any CPU
		{8A6A90D0-4608-4F4E-9229-D4687622C70A}.Release|Any CPU.ActiveCfg = Release|Any CPU
		{8A6A90D0-4608-4F4E-9229-D4687622C70A}.Release|Any CPU.Build.0 = Release|Any CPU
		{DF3E1A1F-C1C2-431D-9792-8B7EE0EBE6CB}.Debug|Any CPU.ActiveCfg = Debug|Any CPU
		{DF3E1A1F-C1C2-431D-9792-8B7EE0EBE6CB}.Debug|Any CPU.Build.0 = Debug|Any CPU
		{DF3E1A1F-C1C2-431D-9792-8B7EE0EBE6CB}.Release|Any CPU.ActiveCfg = Release|Any CPU
		{DF3E1A1F-C1C2-431D-9792-8B7EE0EBE6CB}.Release|Any CPU.Build.0 = Release|Any CPU
		{3226F908-B92E-453A-B612-FAF5496E996A}.Debug|Any CPU.ActiveCfg = Debug|Any CPU
		{3226F908-B92E-453A-B612-FAF5496E996A}.Debug|Any CPU.Build.0 = Debug|Any CPU
		{3226F908-B92E-453A-B612-FAF5496E996A}.Release|Any CPU.ActiveCfg = Release|Any CPU
		{3226F908-B92E-453A-B612-FAF5496E996A}.Release|Any CPU.Build.0 = Release|Any CPU
		{51FCC6BC-7473-4447-BC22-13CAB703DEAA}.Debug|Any CPU.ActiveCfg = Debug|Any CPU
		{51FCC6BC-7473-4447-BC22-13CAB703DEAA}.Debug|Any CPU.Build.0 = Debug|Any CPU
		{51FCC6BC-7473-4447-BC22-13CAB703DEAA}.Release|Any CPU.ActiveCfg = Release|Any CPU
		{51FCC6BC-7473-4447-BC22-13CAB703DEAA}.Release|Any CPU.Build.0 = Release|Any CPU
		{A5CF17CB-70BB-48A4-A3CC-F0279E83F166}.Debug|Any CPU.ActiveCfg = Debug|Any CPU
		{A5CF17CB-70BB-48A4-A3CC-F0279E83F166}.Debug|Any CPU.Build.0 = Debug|Any CPU
		{A5CF17CB-70BB-48A4-A3CC-F0279E83F166}.Release|Any CPU.ActiveCfg = Release|Any CPU
		{A5CF17CB-70BB-48A4-A3CC-F0279E83F166}.Release|Any CPU.Build.0 = Release|Any CPU
		{4284B4D2-C5D0-4BAA-8BAC-AFB15F3687CE}.Debug|Any CPU.ActiveCfg = Debug|Any CPU
		{4284B4D2-C5D0-4BAA-8BAC-AFB15F3687CE}.Debug|Any CPU.Build.0 = Debug|Any CPU
		{4284B4D2-C5D0-4BAA-8BAC-AFB15F3687CE}.Release|Any CPU.ActiveCfg = Release|Any CPU
		{4284B4D2-C5D0-4BAA-8BAC-AFB15F3687CE}.Release|Any CPU.Build.0 = Release|Any CPU
		{1D43EBFA-CDAC-461B-BF1C-3F991BE4F856}.Debug|Any CPU.ActiveCfg = Debug|Any CPU
		{1D43EBFA-CDAC-461B-BF1C-3F991BE4F856}.Debug|Any CPU.Build.0 = Debug|Any CPU
		{1D43EBFA-CDAC-461B-BF1C-3F991BE4F856}.Release|Any CPU.ActiveCfg = Release|Any CPU
		{1D43EBFA-CDAC-461B-BF1C-3F991BE4F856}.Release|Any CPU.Build.0 = Release|Any CPU
	EndGlobalSection
	GlobalSection(SolutionProperties) = preSolution
		HideSolutionNode = FALSE
	EndGlobalSection
	GlobalSection(NestedProjects) = preSolution
		{CC450F01-6ECC-4D11-A39F-A8A39A595E6A} = {F2A5C8C4-2B00-4197-A675-DEE6D6F2E117}
		{FCFE4676-9B32-493A-AAE2-D9295CE1BC9E} = {CC450F01-6ECC-4D11-A39F-A8A39A595E6A}
		{EF0824D0-54F5-4C30-9AED-C587786E44B2} = {F2A5C8C4-2B00-4197-A675-DEE6D6F2E117}
		{3352E2CC-4F94-47B8-8239-615E3F38E3C2} = {EF0824D0-54F5-4C30-9AED-C587786E44B2}
		{61AFB16E-E74A-4C35-8D67-257201ECBD4E} = {F2A5C8C4-2B00-4197-A675-DEE6D6F2E117}
		{B162D43A-2609-41DA-AD45-23BF98E4D802} = {61AFB16E-E74A-4C35-8D67-257201ECBD4E}
		{3D48B0AB-D872-4845-9F29-3AAECB6714C9} = {61AFB16E-E74A-4C35-8D67-257201ECBD4E}
		{2B85CFB9-4C15-4457-B4AA-613692B1E646} = {61AFB16E-E74A-4C35-8D67-257201ECBD4E}
		{37366E48-A70C-4AA1-A040-EA60831C51F5} = {B162D43A-2609-41DA-AD45-23BF98E4D802}
		{CAE56D15-4C0B-4828-AF10-6F121BE077D2} = {B162D43A-2609-41DA-AD45-23BF98E4D802}
		{EAE6A871-9148-4399-AD7E-1D6AD60A58DF} = {3D48B0AB-D872-4845-9F29-3AAECB6714C9}
		{27C23D5A-232E-4DB0-8BC2-C6ABF9FE85A3} = {2B85CFB9-4C15-4457-B4AA-613692B1E646}
		{8FD5EF62-CFC5-4DAF-A639-672E7C822D12} = {078E5B5D-4295-4326-9FCE-9B4A0EA30D52}
		{40C96EAB-14BC-4D8C-AB33-CCAE47117B33} = {F2A5C8C4-2B00-4197-A675-DEE6D6F2E117}
		{DB919F1D-9363-4433-BC7F-2E675B3E01ED} = {40C96EAB-14BC-4D8C-AB33-CCAE47117B33}
		{8A6A90D0-4608-4F4E-9229-D4687622C70A} = {40C96EAB-14BC-4D8C-AB33-CCAE47117B33}
		{DF3E1A1F-C1C2-431D-9792-8B7EE0EBE6CB} = {40C96EAB-14BC-4D8C-AB33-CCAE47117B33}
		{3226F908-B92E-453A-B612-FAF5496E996A} = {40C96EAB-14BC-4D8C-AB33-CCAE47117B33}
		{51FCC6BC-7473-4447-BC22-13CAB703DEAA} = {40C96EAB-14BC-4D8C-AB33-CCAE47117B33}
		{7E038DD0-3B25-4227-8132-06594B8796D2} = {F2A5C8C4-2B00-4197-A675-DEE6D6F2E117}
		{A5CF17CB-70BB-48A4-A3CC-F0279E83F166} = {7E038DD0-3B25-4227-8132-06594B8796D2}
		{4284B4D2-C5D0-4BAA-8BAC-AFB15F3687CE} = {52E663A1-8E10-411F-81D0-DBA500C84439}
		{1D43EBFA-CDAC-461B-BF1C-3F991BE4F856} = {52E663A1-8E10-411F-81D0-DBA500C84439}
	EndGlobalSection
	GlobalSection(ExtensibilityGlobals) = postSolution
		SolutionGuid = {CE8130B4-F50F-4855-A506-90D98417BFFD}
	EndGlobalSection
EndGlobal
